
Microsoft Visual Studio Solution File, Format Version 12.00
# Visual Studio Version 17
VisualStudioVersion = 17.3.32811.315
MinimumVisualStudioVersion = 10.0.40219.1
Project("{9A19103F-16F7-4668-BE54-9A1E7A4F7556}") = "Avalonia_BluePrint.Browser", "Avalonia_BluePrint.Browser\Avalonia_BluePrint.Browser.csproj", "{A2979652-3FD6-46A9-B9D1-065722188CB2}"
EndProject
Project("{9A19103F-16F7-4668-BE54-9A1E7A4F7556}") = "Avalonia_BluePrint.Desktop", "Avalonia_BluePrint.Desktop\Avalonia_BluePrint.Desktop.csproj", "{9F5EF6D0-80DA-4FE0-979A-AD06A41577FF}"
EndProject
Project("{9A19103F-16F7-4668-BE54-9A1E7A4F7556}") = "Avalonia_BluePrint", "Avalonia_BluePrint\Avalonia_BluePrint.csproj", "{BF12E3E7-6832-45C8-8E79-F0273A2D6E52}"
EndProject
Project("{9A19103F-16F7-4668-BE54-9A1E7A4F7556}") = "Avalonia_BluePrint.Android", "Avalonia_BluePrint.Android\Avalonia_BluePrint.Android.csproj", "{793AD7CD-8FE2-4F35-84C0-DE9CD42A5348}"
EndProject
Project("{FAE04EC0-301F-11D3-BF4B-00C04F79EFBC}") = "BluePrint.Avalonia", "BluePrint.Avalonia\BluePrint.Avalonia.csproj", "{061A58B6-AA68-41EA-87F4-D3C29D8C6334}"
EndProject
Project("{2150E333-8FDC-42A3-9474-1A3956D46DE8}") = "Core", "Core", "{028A92CA-0D4A-4949-9ED7-CF2677C058D2}"
EndProject
Project("{2150E333-8FDC-42A3-9474-1A3956D46DE8}") = "Demo", "Demo", "{F43A4246-8AB3-4622-93BE-547E0339E7CA}"
EndProject
Global
	GlobalSection(SolutionConfigurationPlatforms) = preSolution
		Debug|Any CPU = Debug|Any CPU
		Release|Any CPU = Release|Any CPU
	EndGlobalSection
	GlobalSection(ProjectConfigurationPlatforms) = postSolution
		{A2979652-3FD6-46A9-B9D1-065722188CB2}.Debug|Any CPU.ActiveCfg = Debug|Any CPU
		{A2979652-3FD6-46A9-B9D1-065722188CB2}.Debug|Any CPU.Build.0 = Debug|Any CPU
		{A2979652-3FD6-46A9-B9D1-065722188CB2}.Release|Any CPU.ActiveCfg = Release|Any CPU
		{A2979652-3FD6-46A9-B9D1-065722188CB2}.Release|Any CPU.Build.0 = Release|Any CPU
		{9F5EF6D0-80DA-4FE0-979A-AD06A41577FF}.Debug|Any CPU.ActiveCfg = Debug|Any CPU
		{9F5EF6D0-80DA-4FE0-979A-AD06A41577FF}.Debug|Any CPU.Build.0 = Debug|Any CPU
		{9F5EF6D0-80DA-4FE0-979A-AD06A41577FF}.Release|Any CPU.ActiveCfg = Release|Any CPU
		{9F5EF6D0-80DA-4FE0-979A-AD06A41577FF}.Release|Any CPU.Build.0 = Release|Any CPU
		{BF12E3E7-6832-45C8-8E79-F0273A2D6E52}.Debug|Any CPU.ActiveCfg = Debug|Any CPU
		{BF12E3E7-6832-45C8-8E79-F0273A2D6E52}.Debug|Any CPU.Build.0 = Debug|Any CPU
		{BF12E3E7-6832-45C8-8E79-F0273A2D6E52}.Release|Any CPU.ActiveCfg = Release|Any CPU
		{BF12E3E7-6832-45C8-8E79-F0273A2D6E52}.Release|Any CPU.Build.0 = Release|Any CPU
		{793AD7CD-8FE2-4F35-84C0-DE9CD42A5348}.Debug|Any CPU.ActiveCfg = Debug|Any CPU
		{793AD7CD-8FE2-4F35-84C0-DE9CD42A5348}.Debug|Any CPU.Build.0 = Debug|Any CPU
		{793AD7CD-8FE2-4F35-84C0-DE9CD42A5348}.Debug|Any CPU.Deploy.0 = Debug|Any CPU
		{793AD7CD-8FE2-4F35-84C0-DE9CD42A5348}.Release|Any CPU.ActiveCfg = Release|Any CPU
		{793AD7CD-8FE2-4F35-84C0-DE9CD42A5348}.Release|Any CPU.Build.0 = Release|Any CPU
		{793AD7CD-8FE2-4F35-84C0-DE9CD42A5348}.Release|Any CPU.Deploy.0 = Release|Any CPU
		{061A58B6-AA68-41EA-87F4-D3C29D8C6334}.Debug|Any CPU.ActiveCfg = Debug|Any CPU
		{061A58B6-AA68-41EA-87F4-D3C29D8C6334}.Debug|Any CPU.Build.0 = Debug|Any CPU
		{061A58B6-AA68-41EA-87F4-D3C29D8C6334}.Release|Any CPU.ActiveCfg = Release|Any CPU
		{061A58B6-AA68-41EA-87F4-D3C29D8C6334}.Release|Any CPU.Build.0 = Release|Any CPU
	EndGlobalSection
	GlobalSection(SolutionProperties) = preSolution
		HideSolutionNode = FALSE
	EndGlobalSection
	GlobalSection(NestedProjects) = preSolution
		{A2979652-3FD6-46A9-B9D1-065722188CB2} = {F43A4246-8AB3-4622-93BE-547E0339E7CA}
		{9F5EF6D0-80DA-4FE0-979A-AD06A41577FF} = {F43A4246-8AB3-4622-93BE-547E0339E7CA}
		{BF12E3E7-6832-45C8-8E79-F0273A2D6E52} = {F43A4246-8AB3-4622-93BE-547E0339E7CA}
		{793AD7CD-8FE2-4F35-84C0-DE9CD42A5348} = {F43A4246-8AB3-4622-93BE-547E0339E7CA}
		{061A58B6-AA68-41EA-87F4-D3C29D8C6334} = {028A92CA-0D4A-4949-9ED7-CF2677C058D2}
	EndGlobalSection
	GlobalSection(ExtensibilityGlobals) = postSolution
		SolutionGuid = {419C01AF-E1AA-49F6-8A53-7C1EF2374126}
	EndGlobalSection
EndGlobal
